
Microsoft Visual Studio Solution File, Format Version 12.00
# Visual Studio Version 16
VisualStudioVersion = 16.0.32106.194
MinimumVisualStudioVersion = 10.0.40219.1
Project("{FAE04EC0-301F-11D3-BF4B-00C04F79EFBC}") = "BookAPI", "BookAPI.csproj", "{33AEE691-AEBA-46E6-A6DD-38835D5206BF}"
EndProject
Global
	GlobalSection(SolutionConfigurationPlatforms) = preSolution
		Debug|Any CPU = Debug|Any CPU
		Release|Any CPU = Release|Any CPU
	EndGlobalSection
	GlobalSection(ProjectConfigurationPlatforms) = postSolution
		{33AEE691-AEBA-46E6-A6DD-38835D5206BF}.Debug|Any CPU.ActiveCfg = Debug|Any CPU
		{33AEE691-AEBA-46E6-A6DD-38835D5206BF}.Debug|Any CPU.Build.0 = Debug|Any CPU
		{33AEE691-AEBA-46E6-A6DD-38835D5206BF}.Release|Any CPU.ActiveCfg = Release|Any CPU
		{33AEE691-AEBA-46E6-A6DD-38835D5206BF}.Release|Any CPU.Build.0 = Release|Any CPU
	EndGlobalSection
	GlobalSection(SolutionProperties) = preSolution
		HideSolutionNode = FALSE
	EndGlobalSection
	GlobalSection(ExtensibilityGlobals) = postSolution
		SolutionGuid = {6E841EA4-6F0F-4A60-A2C1-7D32E63E2027}
	EndGlobalSection
EndGlobal
